
Microsoft Visual Studio Solution File, Format Version 12.00
# Visual Studio 2012
Project("{FAE04EC0-301F-11D3-BF4B-00C04F79EFBC}") = "Problem52", "Problem52\Problem52.csproj", "{7E1404BA-C956-49DD-B0CF-CF16EC3EBABF}"
EndProject
Global
	GlobalSection(SolutionConfigurationPlatforms) = preSolution
		Debug|Any CPU = Debug|Any CPU
		Release|Any CPU = Release|Any CPU
	EndGlobalSection
	GlobalSection(ProjectConfigurationPlatforms) = postSolution
		{7E1404BA-C956-49DD-B0CF-CF16EC3EBABF}.Debug|Any CPU.ActiveCfg = Debug|Any CPU
		{7E1404BA-C956-49DD-B0CF-CF16EC3EBABF}.Debug|Any CPU.Build.0 = Debug|Any CPU
		{7E1404BA-C956-49DD-B0CF-CF16EC3EBABF}.Release|Any CPU.ActiveCfg = Release|Any CPU
		{7E1404BA-C956-49DD-B0CF-CF16EC3EBABF}.Release|Any CPU.Build.0 = Release|Any CPU
	EndGlobalSection
	GlobalSection(SolutionProperties) = preSolution
		HideSolutionNode = FALSE
	EndGlobalSection
EndGlobal
