
Microsoft Visual Studio Solution File, Format Version 12.00
# Visual Studio 2012
Project("{FAE04EC0-301F-11D3-BF4B-00C04F79EFBC}") = "Problem30", "Problem30\Problem30.csproj", "{13975AE5-CF02-4AD5-A241-53D7672857E7}"
EndProject
Global
	GlobalSection(SolutionConfigurationPlatforms) = preSolution
		Debug|Any CPU = Debug|Any CPU
		Release|Any CPU = Release|Any CPU
	EndGlobalSection
	GlobalSection(ProjectConfigurationPlatforms) = postSolution
		{13975AE5-CF02-4AD5-A241-53D7672857E7}.Debug|Any CPU.ActiveCfg = Debug|Any CPU
		{13975AE5-CF02-4AD5-A241-53D7672857E7}.Debug|Any CPU.Build.0 = Debug|Any CPU
		{13975AE5-CF02-4AD5-A241-53D7672857E7}.Release|Any CPU.ActiveCfg = Release|Any CPU
		{13975AE5-CF02-4AD5-A241-53D7672857E7}.Release|Any CPU.Build.0 = Release|Any CPU
	EndGlobalSection
	GlobalSection(SolutionProperties) = preSolution
		HideSolutionNode = FALSE
	EndGlobalSection
EndGlobal
