
Microsoft Visual Studio Solution File, Format Version 12.00
# Visual Studio 2012
Project("{FAE04EC0-301F-11D3-BF4B-00C04F79EFBC}") = "Problem21", "Problem21\Problem21.csproj", "{E6EBE43D-F300-4DEC-90C5-9CE867318ACA}"
EndProject
Global
	GlobalSection(SolutionConfigurationPlatforms) = preSolution
		Debug|Any CPU = Debug|Any CPU
		Release|Any CPU = Release|Any CPU
	EndGlobalSection
	GlobalSection(ProjectConfigurationPlatforms) = postSolution
		{E6EBE43D-F300-4DEC-90C5-9CE867318ACA}.Debug|Any CPU.ActiveCfg = Debug|Any CPU
		{E6EBE43D-F300-4DEC-90C5-9CE867318ACA}.Debug|Any CPU.Build.0 = Debug|Any CPU
		{E6EBE43D-F300-4DEC-90C5-9CE867318ACA}.Release|Any CPU.ActiveCfg = Release|Any CPU
		{E6EBE43D-F300-4DEC-90C5-9CE867318ACA}.Release|Any CPU.Build.0 = Release|Any CPU
	EndGlobalSection
	GlobalSection(SolutionProperties) = preSolution
		HideSolutionNode = FALSE
	EndGlobalSection
EndGlobal
