
Microsoft Visual Studio Solution File, Format Version 12.00
# Visual Studio 2012
Project("{FAE04EC0-301F-11D3-BF4B-00C04F79EFBC}") = "Problem29", "Problem29\Problem29.csproj", "{FDE7512E-FC3A-4CC3-8864-C807FD728864}"
EndProject
Global
	GlobalSection(SolutionConfigurationPlatforms) = preSolution
		Debug|Any CPU = Debug|Any CPU
		Release|Any CPU = Release|Any CPU
	EndGlobalSection
	GlobalSection(ProjectConfigurationPlatforms) = postSolution
		{FDE7512E-FC3A-4CC3-8864-C807FD728864}.Debug|Any CPU.ActiveCfg = Debug|Any CPU
		{FDE7512E-FC3A-4CC3-8864-C807FD728864}.Debug|Any CPU.Build.0 = Debug|Any CPU
		{FDE7512E-FC3A-4CC3-8864-C807FD728864}.Release|Any CPU.ActiveCfg = Release|Any CPU
		{FDE7512E-FC3A-4CC3-8864-C807FD728864}.Release|Any CPU.Build.0 = Release|Any CPU
	EndGlobalSection
	GlobalSection(SolutionProperties) = preSolution
		HideSolutionNode = FALSE
	EndGlobalSection
EndGlobal
