
Microsoft Visual Studio Solution File, Format Version 12.00
# Visual Studio 2012
Project("{FAE04EC0-301F-11D3-BF4B-00C04F79EFBC}") = "Problem40", "Problem40\Problem40.csproj", "{52DBB25A-06EB-4EF2-82F0-62A87588EFAE}"
EndProject
Global
	GlobalSection(SolutionConfigurationPlatforms) = preSolution
		Debug|Any CPU = Debug|Any CPU
		Release|Any CPU = Release|Any CPU
	EndGlobalSection
	GlobalSection(ProjectConfigurationPlatforms) = postSolution
		{52DBB25A-06EB-4EF2-82F0-62A87588EFAE}.Debug|Any CPU.ActiveCfg = Debug|Any CPU
		{52DBB25A-06EB-4EF2-82F0-62A87588EFAE}.Debug|Any CPU.Build.0 = Debug|Any CPU
		{52DBB25A-06EB-4EF2-82F0-62A87588EFAE}.Release|Any CPU.ActiveCfg = Release|Any CPU
		{52DBB25A-06EB-4EF2-82F0-62A87588EFAE}.Release|Any CPU.Build.0 = Release|Any CPU
	EndGlobalSection
	GlobalSection(SolutionProperties) = preSolution
		HideSolutionNode = FALSE
	EndGlobalSection
EndGlobal
