
Microsoft Visual Studio Solution File, Format Version 12.00
# Visual Studio 2012
Project("{FAE04EC0-301F-11D3-BF4B-00C04F79EFBC}") = "Problem34", "Problem34\Problem34.csproj", "{52177114-7228-473A-AE9D-CDC8813B5012}"
EndProject
Global
	GlobalSection(SolutionConfigurationPlatforms) = preSolution
		Debug|Any CPU = Debug|Any CPU
		Release|Any CPU = Release|Any CPU
	EndGlobalSection
	GlobalSection(ProjectConfigurationPlatforms) = postSolution
		{52177114-7228-473A-AE9D-CDC8813B5012}.Debug|Any CPU.ActiveCfg = Debug|Any CPU
		{52177114-7228-473A-AE9D-CDC8813B5012}.Debug|Any CPU.Build.0 = Debug|Any CPU
		{52177114-7228-473A-AE9D-CDC8813B5012}.Release|Any CPU.ActiveCfg = Release|Any CPU
		{52177114-7228-473A-AE9D-CDC8813B5012}.Release|Any CPU.Build.0 = Release|Any CPU
	EndGlobalSection
	GlobalSection(SolutionProperties) = preSolution
		HideSolutionNode = FALSE
	EndGlobalSection
EndGlobal
